
Microsoft Visual Studio Solution File, Format Version 12.00
# Visual Studio Version 18
VisualStudioVersion = 18.6.11806.211 stable
MinimumVisualStudioVersion = 10.0.40219.1
Project("{FAE04EC0-301F-11D3-BF4B-00C04F79EFBC}") = "CONUNI_RESTFUL_DOTNET_CLIWEB_G05", "CONUNI_RESTFUL_DOTNET_CLIWEB_G09\CONUNI_RESTFUL_DOTNET_CLIWEB_G05.csproj", "{22907962-BE38-4FEA-87F5-E1140DD681D0}"
EndProject
Global
	GlobalSection(SolutionConfigurationPlatforms) = preSolution
		Debug|Any CPU = Debug|Any CPU
		Release|Any CPU = Release|Any CPU
	EndGlobalSection
	GlobalSection(ProjectConfigurationPlatforms) = postSolution
		{22907962-BE38-4FEA-87F5-E1140DD681D0}.Debug|Any CPU.ActiveCfg = Debug|Any CPU
		{22907962-BE38-4FEA-87F5-E1140DD681D0}.Debug|Any CPU.Build.0 = Debug|Any CPU
		{22907962-BE38-4FEA-87F5-E1140DD681D0}.Release|Any CPU.ActiveCfg = Release|Any CPU
		{22907962-BE38-4FEA-87F5-E1140DD681D0}.Release|Any CPU.Build.0 = Release|Any CPU
	EndGlobalSection
	GlobalSection(SolutionProperties) = preSolution
		HideSolutionNode = FALSE
	EndGlobalSection
	GlobalSection(ExtensibilityGlobals) = postSolution
		SolutionGuid = {F55E69D9-378A-40E6-8D65-5406960EA7F8}
	EndGlobalSection
EndGlobal
