
Microsoft Visual Studio Solution File, Format Version 12.00
# Visual Studio Version 17
VisualStudioVersion = 17.14.36518.9 d17.14
MinimumVisualStudioVersion = 10.0.40219.1
Project("{FAE04EC0-301F-11D3-BF4B-00C04F79EFBC}") = "BDD_SOAP_DOTNET_CLIESC_G09", "BDD_SOAP_DOTNET_CLIESC_G09\BDD_SOAP_DOTNET_CLIESC_G09.csproj", "{2C10C768-C930-4E3D-8C03-A27189EE8B7C}"
EndProject
Global
	GlobalSection(SolutionConfigurationPlatforms) = preSolution
		Debug|Any CPU = Debug|Any CPU
		Release|Any CPU = Release|Any CPU
	EndGlobalSection
	GlobalSection(ProjectConfigurationPlatforms) = postSolution
		{2C10C768-C930-4E3D-8C03-A27189EE8B7C}.Debug|Any CPU.ActiveCfg = Debug|Any CPU
		{2C10C768-C930-4E3D-8C03-A27189EE8B7C}.Debug|Any CPU.Build.0 = Debug|Any CPU
		{2C10C768-C930-4E3D-8C03-A27189EE8B7C}.Release|Any CPU.ActiveCfg = Release|Any CPU
		{2C10C768-C930-4E3D-8C03-A27189EE8B7C}.Release|Any CPU.Build.0 = Release|Any CPU
	EndGlobalSection
	GlobalSection(SolutionProperties) = preSolution
		HideSolutionNode = FALSE
	EndGlobalSection
	GlobalSection(ExtensibilityGlobals) = postSolution
		SolutionGuid = {1B58238B-6B7A-4ABE-864B-4C0B5855AA31}
	EndGlobalSection
EndGlobal
