
Microsoft Visual Studio Solution File, Format Version 12.00
# Visual Studio Version 17
VisualStudioVersion = 17.14.36518.9 d17.14
MinimumVisualStudioVersion = 10.0.40219.1
Project("{FAE04EC0-301F-11D3-BF4B-00C04F79EFBC}") = "BDD_SOAP_DOTNET_CLICON_G09", "BDD_SOAP_DOTNET_CLICON_G09\BDD_SOAP_DOTNET_CLICON_G09.csproj", "{CEC3CF2E-7AEB-4506-B8B1-1D7461CC51E8}"
EndProject
Global
	GlobalSection(SolutionConfigurationPlatforms) = preSolution
		Debug|Any CPU = Debug|Any CPU
		Release|Any CPU = Release|Any CPU
	EndGlobalSection
	GlobalSection(ProjectConfigurationPlatforms) = postSolution
		{CEC3CF2E-7AEB-4506-B8B1-1D7461CC51E8}.Debug|Any CPU.ActiveCfg = Debug|Any CPU
		{CEC3CF2E-7AEB-4506-B8B1-1D7461CC51E8}.Debug|Any CPU.Build.0 = Debug|Any CPU
		{CEC3CF2E-7AEB-4506-B8B1-1D7461CC51E8}.Release|Any CPU.ActiveCfg = Release|Any CPU
		{CEC3CF2E-7AEB-4506-B8B1-1D7461CC51E8}.Release|Any CPU.Build.0 = Release|Any CPU
	EndGlobalSection
	GlobalSection(SolutionProperties) = preSolution
		HideSolutionNode = FALSE
	EndGlobalSection
	GlobalSection(ExtensibilityGlobals) = postSolution
		SolutionGuid = {773F61AF-8994-4211-831A-E448C07E6FD9}
	EndGlobalSection
EndGlobal
