
Microsoft Visual Studio Solution File, Format Version 12.00
# Visual Studio Version 17
VisualStudioVersion = 17.14.36518.9 d17.14
MinimumVisualStudioVersion = 10.0.40219.1
Project("{FAE04EC0-301F-11D3-BF4B-00C04F79EFBC}") = "CONUNI_SOAP_DOTNET_CLICON_G09", "CONUNI_SOAP_DOTNET_CLICON_G09\CONUNI_SOAP_DOTNET_CLICON_G09.csproj", "{995CB63C-9462-4B15-B030-95DBEA30F628}"
EndProject
Global
	GlobalSection(SolutionConfigurationPlatforms) = preSolution
		Debug|Any CPU = Debug|Any CPU
		Release|Any CPU = Release|Any CPU
	EndGlobalSection
	GlobalSection(ProjectConfigurationPlatforms) = postSolution
		{995CB63C-9462-4B15-B030-95DBEA30F628}.Debug|Any CPU.ActiveCfg = Debug|Any CPU
		{995CB63C-9462-4B15-B030-95DBEA30F628}.Debug|Any CPU.Build.0 = Debug|Any CPU
		{995CB63C-9462-4B15-B030-95DBEA30F628}.Release|Any CPU.ActiveCfg = Release|Any CPU
		{995CB63C-9462-4B15-B030-95DBEA30F628}.Release|Any CPU.Build.0 = Release|Any CPU
	EndGlobalSection
	GlobalSection(SolutionProperties) = preSolution
		HideSolutionNode = FALSE
	EndGlobalSection
	GlobalSection(ExtensibilityGlobals) = postSolution
		SolutionGuid = {7C4DD1BB-8ED4-459F-BFE1-15ED26E22D44}
	EndGlobalSection
EndGlobal
